
Microsoft Visual Studio Solution File, Format Version 12.00
# Visual Studio Version 16
VisualStudioVersion = 16.0.30114.105
MinimumVisualStudioVersion = 10.0.40219.1
Project("{FAE04EC0-301F-11D3-BF4B-00C04F79EFBC}") = "Exercice.Test", "Exercice.Test\Exercice.Test.csproj", "{1EA4D5DA-4199-416C-894B-602CF3ABFB9B}"
EndProject
Project("{FAE04EC0-301F-11D3-BF4B-00C04F79EFBC}") = "Exercice", "Exercice\Exercice.csproj", "{EB005C3F-7ADF-4B8F-9D50-9AAD3882F8D8}"
EndProject
Project("{FAE04EC0-301F-11D3-BF4B-00C04F79EFBC}") = "Exercice4", "Exercice4\Exercice4.csproj", "{25C4BC78-5D5C-447C-B6E1-A3C9AF243600}"
EndProject
Global
	GlobalSection(SolutionConfigurationPlatforms) = preSolution
		Debug|Any CPU = Debug|Any CPU
		Release|Any CPU = Release|Any CPU
	EndGlobalSection
	GlobalSection(SolutionProperties) = preSolution
		HideSolutionNode = FALSE
	EndGlobalSection
	GlobalSection(ProjectConfigurationPlatforms) = postSolution
		{1EA4D5DA-4199-416C-894B-602CF3ABFB9B}.Debug|Any CPU.ActiveCfg = Debug|Any CPU
		{1EA4D5DA-4199-416C-894B-602CF3ABFB9B}.Debug|Any CPU.Build.0 = Debug|Any CPU
		{1EA4D5DA-4199-416C-894B-602CF3ABFB9B}.Release|Any CPU.ActiveCfg = Release|Any CPU
		{1EA4D5DA-4199-416C-894B-602CF3ABFB9B}.Release|Any CPU.Build.0 = Release|Any CPU
		{EB005C3F-7ADF-4B8F-9D50-9AAD3882F8D8}.Debug|Any CPU.ActiveCfg = Debug|Any CPU
		{EB005C3F-7ADF-4B8F-9D50-9AAD3882F8D8}.Debug|Any CPU.Build.0 = Debug|Any CPU
		{EB005C3F-7ADF-4B8F-9D50-9AAD3882F8D8}.Release|Any CPU.ActiveCfg = Release|Any CPU
		{EB005C3F-7ADF-4B8F-9D50-9AAD3882F8D8}.Release|Any CPU.Build.0 = Release|Any CPU
		{25C4BC78-5D5C-447C-B6E1-A3C9AF243600}.Debug|Any CPU.ActiveCfg = Debug|Any CPU
		{25C4BC78-5D5C-447C-B6E1-A3C9AF243600}.Debug|Any CPU.Build.0 = Debug|Any CPU
		{25C4BC78-5D5C-447C-B6E1-A3C9AF243600}.Release|Any CPU.ActiveCfg = Release|Any CPU
		{25C4BC78-5D5C-447C-B6E1-A3C9AF243600}.Release|Any CPU.Build.0 = Release|Any CPU
	EndGlobalSection
EndGlobal
